# This file is generated by running "yarn install" inside your project.
# Manual changes might be lost - proceed with caution!

__metadata:
  version: 4
  cacheKey: 7

"graphql-tag@npm:2.11.0":
  version: 2.11.0
  resolution: "graphql-tag@npm:2.11.0"
  peerDependencies:
    graphql: ^0.9.0 || ^0.10.0 || ^0.11.0 || ^0.12.0 || ^0.13.0 || ^14.0.0 || ^15.0.0
  checksum: 400355590180cce2f39df5c599cad20ee982bb7e4a63ad70857aa0fe2e82e3ef6233a4db2b80a03e6dfa84bf3ecb13dc2947936eaf31753c94876e22be45ea78
  languageName: node
  linkType: hard

"test-repo-graphql-tag@workspace:.":
  version: 0.0.0-use.local
  resolution: "test-repo-graphql-tag@workspace:."
  dependencies:
    graphql-tag: 2.11.0
  languageName: unknown
  linkType: soft
